// !$*UTF8*$!
{
	archiveVersion = 1;
	classes = {
	};
	objectVersion = 56;
	objects = {

/* Begin PBXBuildFile section */
		CE3BC1DB298CC52D0049ECD2 /* AppDelegate.swift in Sources */ = {isa = PBXBuildFile; fileRef = CE3BC1DA298CC52D0049ECD2 /* AppDelegate.swift */; };
		CE3BC1DD298CC52D0049ECD2 /* SceneDelegate.swift in Sources */ = {isa = PBXBuildFile; fileRef = CE3BC1DC298CC52D0049ECD2 /* SceneDelegate.swift */; };
		CE3BC1DF298CC52D0049ECD2 /* RMTabBarController.swift in Sources */ = {isa = PBXBuildFile; fileRef = CE3BC1DE298CC52D0049ECD2 /* RMTabBarController.swift */; };
		CE3BC1E4298CC52D0049ECD2 /* Assets.xcassets in Resources */ = {isa = PBXBuildFile; fileRef = CE3BC1E3298CC52D0049ECD2 /* Assets.xcassets */; };
		CE3BC1E7298CC52D0049ECD2 /* LaunchScreen.storyboard in Resources */ = {isa = PBXBuildFile; fileRef = CE3BC1E5298CC52D0049ECD2 /* LaunchScreen.storyboard */; };
		CE3BC1F6298CC82D0049ECD2 /* RMLocation.swift in Sources */ = {isa = PBXBuildFile; fileRef = CE3BC1F5298CC82D0049ECD2 /* RMLocation.swift */; };
		CE3BC1F8298CC8510049ECD2 /* RMCharacter.swift in Sources */ = {isa = PBXBuildFile; fileRef = CE3BC1F7298CC8510049ECD2 /* RMCharacter.swift */; };
		CE3BC1FA298CC86A0049ECD2 /* RMEpisode.swift in Sources */ = {isa = PBXBuildFile; fileRef = CE3BC1F9298CC86A0049ECD2 /* RMEpisode.swift */; };
		CE3BC1FD298CC9560049ECD2 /* RMCharacterViewController.swift in Sources */ = {isa = PBXBuildFile; fileRef = CE3BC1FC298CC9560049ECD2 /* RMCharacterViewController.swift */; };
		CE3BC1FF298CC9910049ECD2 /* RMLocationViewController.swift in Sources */ = {isa = PBXBuildFile; fileRef = CE3BC1FE298CC9910049ECD2 /* RMLocationViewController.swift */; };
		CE3BC202298CC9B40049ECD2 /* RMEpisodeViewController.swift in Sources */ = {isa = PBXBuildFile; fileRef = CE3BC201298CC9B40049ECD2 /* RMEpisodeViewController.swift */; };
		CE3BC204298CC9CA0049ECD2 /* RMSettingsViewController.swift in Sources */ = {isa = PBXBuildFile; fileRef = CE3BC203298CC9CA0049ECD2 /* RMSettingsViewController.swift */; };
		CE876214298F8BAD00228E60 /* RMCharacterCollectionViewCell.swift in Sources */ = {isa = PBXBuildFile; fileRef = CE876213298F8BAD00228E60 /* RMCharacterCollectionViewCell.swift */; };
		CE876216298F8E0300228E60 /* RMCharacterCollectionViewCellViewModel.swift in Sources */ = {isa = PBXBuildFile; fileRef = CE876215298F8E0300228E60 /* RMCharacterCollectionViewCellViewModel.swift */; };
		CEA65CE9298CDBC200719314 /* RMService.swift in Sources */ = {isa = PBXBuildFile; fileRef = CEA65CE8298CDBC200719314 /* RMService.swift */; };
		CEA65CEB298CDBD300719314 /* RMRequest.swift in Sources */ = {isa = PBXBuildFile; fileRef = CEA65CEA298CDBD300719314 /* RMRequest.swift */; };
		CEA65CED298CDD0F00719314 /* RMEndpoint.swift in Sources */ = {isa = PBXBuildFile; fileRef = CEA65CEC298CDD0F00719314 /* RMEndpoint.swift */; };
		CEA65CEF298CE31300719314 /* RMOrigin.swift in Sources */ = {isa = PBXBuildFile; fileRef = CEA65CEE298CE31300719314 /* RMOrigin.swift */; };
		CEA65CF1298CE40D00719314 /* RMSingleLocation.swift in Sources */ = {isa = PBXBuildFile; fileRef = CEA65CF0298CE40D00719314 /* RMSingleLocation.swift */; };
		CEA65CF3298CE6FA00719314 /* RMCharacterStatus.swift in Sources */ = {isa = PBXBuildFile; fileRef = CEA65CF2298CE6FA00719314 /* RMCharacterStatus.swift */; };
		CEA65CF5298CE74000719314 /* RMCharacterGender.swift in Sources */ = {isa = PBXBuildFile; fileRef = CEA65CF4298CE74000719314 /* RMCharacterGender.swift */; };
		CEAD25FD298EB2FA00B22D10 /* RMCharacterListViewModel.swift in Sources */ = {isa = PBXBuildFile; fileRef = CEAD25FC298EB2FA00B22D10 /* RMCharacterListViewModel.swift */; };
		CEAD25FF298EB3A900B22D10 /* RMCharacterListView.swift in Sources */ = {isa = PBXBuildFile; fileRef = CEAD25FE298EB3A900B22D10 /* RMCharacterListView.swift */; };
		CEAD2601298EBA4100B22D10 /* Extensions.swift in Sources */ = {isa = PBXBuildFile; fileRef = CEAD2600298EBA4100B22D10 /* Extensions.swift */; };
		CEE48E86298EA1C600C397D5 /* RMGetAllCharactersResponse.swift in Sources */ = {isa = PBXBuildFile; fileRef = CEE48E85298EA1C600C397D5 /* RMGetAllCharactersResponse.swift */; };
/* End PBXBuildFile section */

/* Begin PBXFileReference section */
		CE3BC1D7298CC52D0049ECD2 /* RickAndMorty.app */ = {isa = PBXFileReference; explicitFileType = wrapper.application; includeInIndex = 0; path = RickAndMorty.app; sourceTree = BUILT_PRODUCTS_DIR; };
		CE3BC1DA298CC52D0049ECD2 /* AppDelegate.swift */ = {isa = PBXFileReference; lastKnownFileType = sourcecode.swift; path = AppDelegate.swift; sourceTree = "<group>"; };
		CE3BC1DC298CC52D0049ECD2 /* SceneDelegate.swift */ = {isa = PBXFileReference; lastKnownFileType = sourcecode.swift; path = SceneDelegate.swift; sourceTree = "<group>"; };
		CE3BC1DE298CC52D0049ECD2 /* RMTabBarController.swift */ = {isa = PBXFileReference; lastKnownFileType = sourcecode.swift; path = RMTabBarController.swift; sourceTree = "<group>"; };
		CE3BC1E3298CC52D0049ECD2 /* Assets.xcassets */ = {isa = PBXFileReference; lastKnownFileType = folder.assetcatalog; path = Assets.xcassets; sourceTree = "<group>"; };
		CE3BC1E6298CC52D0049ECD2 /* Base */ = {isa = PBXFileReference; lastKnownFileType = file.storyboard; name = Base; path = Base.lproj/LaunchScreen.storyboard; sourceTree = "<group>"; };
		CE3BC1E8298CC52D0049ECD2 /* Info.plist */ = {isa = PBXFileReference; lastKnownFileType = text.plist.xml; path = Info.plist; sourceTree = "<group>"; };
		CE3BC1F5298CC82D0049ECD2 /* RMLocation.swift */ = {isa = PBXFileReference; lastKnownFileType = sourcecode.swift; path = RMLocation.swift; sourceTree = "<group>"; };
		CE3BC1F7298CC8510049ECD2 /* RMCharacter.swift */ = {isa = PBXFileReference; lastKnownFileType = sourcecode.swift; path = RMCharacter.swift; sourceTree = "<group>"; };
		CE3BC1F9298CC86A0049ECD2 /* RMEpisode.swift */ = {isa = PBXFileReference; lastKnownFileType = sourcecode.swift; path = RMEpisode.swift; sourceTree = "<group>"; };
		CE3BC1FC298CC9560049ECD2 /* RMCharacterViewController.swift */ = {isa = PBXFileReference; lastKnownFileType = sourcecode.swift; path = RMCharacterViewController.swift; sourceTree = "<group>"; };
		CE3BC1FE298CC9910049ECD2 /* RMLocationViewController.swift */ = {isa = PBXFileReference; lastKnownFileType = sourcecode.swift; path = RMLocationViewController.swift; sourceTree = "<group>"; };
		CE3BC201298CC9B40049ECD2 /* RMEpisodeViewController.swift */ = {isa = PBXFileReference; lastKnownFileType = sourcecode.swift; path = RMEpisodeViewController.swift; sourceTree = "<group>"; };
		CE3BC203298CC9CA0049ECD2 /* RMSettingsViewController.swift */ = {isa = PBXFileReference; lastKnownFileType = sourcecode.swift; path = RMSettingsViewController.swift; sourceTree = "<group>"; };
		CE876213298F8BAD00228E60 /* RMCharacterCollectionViewCell.swift */ = {isa = PBXFileReference; lastKnownFileType = sourcecode.swift; path = RMCharacterCollectionViewCell.swift; sourceTree = "<group>"; };
		CE876215298F8E0300228E60 /* RMCharacterCollectionViewCellViewModel.swift */ = {isa = PBXFileReference; lastKnownFileType = sourcecode.swift; path = RMCharacterCollectionViewCellViewModel.swift; sourceTree = "<group>"; };
		CEA65CE8298CDBC200719314 /* RMService.swift */ = {isa = PBXFileReference; lastKnownFileType = sourcecode.swift; path = RMService.swift; sourceTree = "<group>"; };
		CEA65CEA298CDBD300719314 /* RMRequest.swift */ = {isa = PBXFileReference; lastKnownFileType = sourcecode.swift; path = RMRequest.swift; sourceTree = "<group>"; };
		CEA65CEC298CDD0F00719314 /* RMEndpoint.swift */ = {isa = PBXFileReference; lastKnownFileType = sourcecode.swift; path = RMEndpoint.swift; sourceTree = "<group>"; };
		CEA65CEE298CE31300719314 /* RMOrigin.swift */ = {isa = PBXFileReference; lastKnownFileType = sourcecode.swift; path = RMOrigin.swift; sourceTree = "<group>"; };
		CEA65CF0298CE40D00719314 /* RMSingleLocation.swift */ = {isa = PBXFileReference; lastKnownFileType = sourcecode.swift; path = RMSingleLocation.swift; sourceTree = "<group>"; };
		CEA65CF2298CE6FA00719314 /* RMCharacterStatus.swift */ = {isa = PBXFileReference; lastKnownFileType = sourcecode.swift; path = RMCharacterStatus.swift; sourceTree = "<group>"; };
		CEA65CF4298CE74000719314 /* RMCharacterGender.swift */ = {isa = PBXFileReference; lastKnownFileType = sourcecode.swift; path = RMCharacterGender.swift; sourceTree = "<group>"; };
		CEAD25FC298EB2FA00B22D10 /* RMCharacterListViewModel.swift */ = {isa = PBXFileReference; lastKnownFileType = sourcecode.swift; path = RMCharacterListViewModel.swift; sourceTree = "<group>"; };
		CEAD25FE298EB3A900B22D10 /* RMCharacterListView.swift */ = {isa = PBXFileReference; lastKnownFileType = sourcecode.swift; path = RMCharacterListView.swift; sourceTree = "<group>"; };
		CEAD2600298EBA4100B22D10 /* Extensions.swift */ = {isa = PBXFileReference; lastKnownFileType = sourcecode.swift; path = Extensions.swift; sourceTree = "<group>"; };
		CEE48E85298EA1C600C397D5 /* RMGetAllCharactersResponse.swift */ = {isa = PBXFileReference; lastKnownFileType = sourcecode.swift; path = RMGetAllCharactersResponse.swift; sourceTree = "<group>"; };
/* End PBXFileReference section */

/* Begin PBXFrameworksBuildPhase section */
		CE3BC1D4298CC52D0049ECD2 /* Frameworks */ = {
			isa = PBXFrameworksBuildPhase;
			buildActionMask = 2147483647;
			files = (
			);
			runOnlyForDeploymentPostprocessing = 0;
		};
/* End PBXFrameworksBuildPhase section */

/* Begin PBXGroup section */
		CE3BC1CE298CC52D0049ECD2 = {
			isa = PBXGroup;
			children = (
				CE3BC1D9298CC52D0049ECD2 /* RickAndMorty */,
				CE3BC1D8298CC52D0049ECD2 /* Products */,
			);
			sourceTree = "<group>";
		};
		CE3BC1D8298CC52D0049ECD2 /* Products */ = {
			isa = PBXGroup;
			children = (
				CE3BC1D7298CC52D0049ECD2 /* RickAndMorty.app */,
			);
			name = Products;
			sourceTree = "<group>";
		};
		CE3BC1D9298CC52D0049ECD2 /* RickAndMorty */ = {
			isa = PBXGroup;
			children = (
				CE3BC1F4298CC78E0049ECD2 /* Resources */,
				CE3BC1F3298CC7870049ECD2 /* Managers */,
				CE3BC1F2298CC7790049ECD2 /* APIClient */,
				CE3BC1F1298CC76F0049ECD2 /* ViewModels */,
				CE3BC1F0298CC7680049ECD2 /* View */,
				CE3BC1EF298CC7620049ECD2 /* Models */,
				CE3BC1EE298CC7580049ECD2 /* Controllers */,
				CE3BC1E8298CC52D0049ECD2 /* Info.plist */,
			);
			path = RickAndMorty;
			sourceTree = "<group>";
		};
		CE3BC1EE298CC7580049ECD2 /* Controllers */ = {
			isa = PBXGroup;
			children = (
				CE3BC1FB298CC9090049ECD2 /* Core */,
			);
			name = Controllers;
			sourceTree = "<group>";
		};
		CE3BC1EF298CC7620049ECD2 /* Models */ = {
			isa = PBXGroup;
			children = (
				CEE48E84298EA18E00C397D5 /* APIResponseTypes */,
				CEE48E83298EA17B00C397D5 /* DataTypes */,
				CE3BC1F5298CC82D0049ECD2 /* RMLocation.swift */,
				CE3BC1F7298CC8510049ECD2 /* RMCharacter.swift */,
				CE3BC1F9298CC86A0049ECD2 /* RMEpisode.swift */,
				CEA65CEE298CE31300719314 /* RMOrigin.swift */,
				CEA65CF0298CE40D00719314 /* RMSingleLocation.swift */,
				CEA65CF2298CE6FA00719314 /* RMCharacterStatus.swift */,
				CEA65CF4298CE74000719314 /* RMCharacterGender.swift */,
			);
			name = Models;
			sourceTree = "<group>";
		};
		CE3BC1F0298CC7680049ECD2 /* View */ = {
			isa = PBXGroup;
			children = (
				CEAD25FE298EB3A900B22D10 /* RMCharacterListView.swift */,
				CE876213298F8BAD00228E60 /* RMCharacterCollectionViewCell.swift */,
			);
			name = View;
			sourceTree = "<group>";
		};
		CE3BC1F1298CC76F0049ECD2 /* ViewModels */ = {
			isa = PBXGroup;
			children = (
				CEAD25FC298EB2FA00B22D10 /* RMCharacterListViewModel.swift */,
				CE876215298F8E0300228E60 /* RMCharacterCollectionViewCellViewModel.swift */,
			);
			name = ViewModels;
			sourceTree = "<group>";
		};
		CE3BC1F2298CC7790049ECD2 /* APIClient */ = {
			isa = PBXGroup;
			children = (
				CEA65CE8298CDBC200719314 /* RMService.swift */,
				CEA65CEA298CDBD300719314 /* RMRequest.swift */,
				CEA65CEC298CDD0F00719314 /* RMEndpoint.swift */,
			);
			name = APIClient;
			sourceTree = "<group>";
		};
		CE3BC1F3298CC7870049ECD2 /* Managers */ = {
			isa = PBXGroup;
			children = (
			);
			name = Managers;
			sourceTree = "<group>";
		};
		CE3BC1F4298CC78E0049ECD2 /* Resources */ = {
			isa = PBXGroup;
			children = (
				CE3BC1E3298CC52D0049ECD2 /* Assets.xcassets */,
				CE3BC1E5298CC52D0049ECD2 /* LaunchScreen.storyboard */,
				CE3BC1DA298CC52D0049ECD2 /* AppDelegate.swift */,
				CE3BC1DC298CC52D0049ECD2 /* SceneDelegate.swift */,
				CEAD2600298EBA4100B22D10 /* Extensions.swift */,
			);
			name = Resources;
			sourceTree = "<group>";
		};
		CE3BC1FB298CC9090049ECD2 /* Core */ = {
			isa = PBXGroup;
			children = (
				CE3BC1DE298CC52D0049ECD2 /* RMTabBarController.swift */,
				CE3BC1FC298CC9560049ECD2 /* RMCharacterViewController.swift */,
				CE3BC1FE298CC9910049ECD2 /* RMLocationViewController.swift */,
				CE3BC201298CC9B40049ECD2 /* RMEpisodeViewController.swift */,
				CE3BC203298CC9CA0049ECD2 /* RMSettingsViewController.swift */,
			);
			name = Core;
			sourceTree = "<group>";
		};
		CEE48E83298EA17B00C397D5 /* DataTypes */ = {
			isa = PBXGroup;
			children = (
			);
			name = DataTypes;
			sourceTree = "<group>";
		};
		CEE48E84298EA18E00C397D5 /* APIResponseTypes */ = {
			isa = PBXGroup;
			children = (
				CEE48E85298EA1C600C397D5 /* RMGetAllCharactersResponse.swift */,
			);
			name = APIResponseTypes;
			sourceTree = "<group>";
		};
/* End PBXGroup section */

/* Begin PBXNativeTarget section */
		CE3BC1D6298CC52D0049ECD2 /* RickAndMorty */ = {
			isa = PBXNativeTarget;
			buildConfigurationList = CE3BC1EB298CC52D0049ECD2 /* Build configuration list for PBXNativeTarget "RickAndMorty" */;
			buildPhases = (
				CE3BC1D3298CC52D0049ECD2 /* Sources */,
				CE3BC1D4298CC52D0049ECD2 /* Frameworks */,
				CE3BC1D5298CC52D0049ECD2 /* Resources */,
			);
			buildRules = (
			);
			dependencies = (
			);
			name = RickAndMorty;
			productName = RickAndMorty;
			productReference = CE3BC1D7298CC52D0049ECD2 /* RickAndMorty.app */;
			productType = "com.apple.product-type.application";
		};
/* End PBXNativeTarget section */

/* Begin PBXProject section */
		CE3BC1CF298CC52D0049ECD2 /* Project object */ = {
			isa = PBXProject;
			attributes = {
				BuildIndependentTargetsInParallel = 1;
				LastSwiftUpdateCheck = 1420;
				LastUpgradeCheck = 1420;
				TargetAttributes = {
					CE3BC1D6298CC52D0049ECD2 = {
						CreatedOnToolsVersion = 14.2;
					};
				};
			};
			buildConfigurationList = CE3BC1D2298CC52D0049ECD2 /* Build configuration list for PBXProject "RickAndMorty" */;
			compatibilityVersion = "Xcode 14.0";
			developmentRegion = en;
			hasScannedForEncodings = 0;
			knownRegions = (
				en,
				Base,
			);
			mainGroup = CE3BC1CE298CC52D0049ECD2;
			productRefGroup = CE3BC1D8298CC52D0049ECD2 /* Products */;
			projectDirPath = "";
			projectRoot = "";
			targets = (
				CE3BC1D6298CC52D0049ECD2 /* RickAndMorty */,
			);
		};
/* End PBXProject section */

/* Begin PBXResourcesBuildPhase section */
		CE3BC1D5298CC52D0049ECD2 /* Resources */ = {
			isa = PBXResourcesBuildPhase;
			buildActionMask = 2147483647;
			files = (
				CE3BC1E7298CC52D0049ECD2 /* LaunchScreen.storyboard in Resources */,
				CE3BC1E4298CC52D0049ECD2 /* Assets.xcassets in Resources */,
			);
			runOnlyForDeploymentPostprocessing = 0;
		};
/* End PBXResourcesBuildPhase section */

/* Begin PBXSourcesBuildPhase section */
		CE3BC1D3298CC52D0049ECD2 /* Sources */ = {
			isa = PBXSourcesBuildPhase;
			buildActionMask = 2147483647;
			files = (
				CEE48E86298EA1C600C397D5 /* RMGetAllCharactersResponse.swift in Sources */,
				CEA65CEF298CE31300719314 /* RMOrigin.swift in Sources */,
				CEA65CF1298CE40D00719314 /* RMSingleLocation.swift in Sources */,
				CEA65CF3298CE6FA00719314 /* RMCharacterStatus.swift in Sources */,
				CEA65CF5298CE74000719314 /* RMCharacterGender.swift in Sources */,
				CE3BC1FF298CC9910049ECD2 /* RMLocationViewController.swift in Sources */,
				CEAD25FF298EB3A900B22D10 /* RMCharacterListView.swift in Sources */,
				CE3BC1FA298CC86A0049ECD2 /* RMEpisode.swift in Sources */,
				CE3BC1DF298CC52D0049ECD2 /* RMTabBarController.swift in Sources */,
				CE876214298F8BAD00228E60 /* RMCharacterCollectionViewCell.swift in Sources */,
				CE3BC202298CC9B40049ECD2 /* RMEpisodeViewController.swift in Sources */,
				CE3BC1DB298CC52D0049ECD2 /* AppDelegate.swift in Sources */,
				CE3BC1DD298CC52D0049ECD2 /* SceneDelegate.swift in Sources */,
				CE3BC204298CC9CA0049ECD2 /* RMSettingsViewController.swift in Sources */,
				CEAD2601298EBA4100B22D10 /* Extensions.swift in Sources */,
				CEA65CE9298CDBC200719314 /* RMService.swift in Sources */,
				CE3BC1F6298CC82D0049ECD2 /* RMLocation.swift in Sources */,
				CEA65CED298CDD0F00719314 /* RMEndpoint.swift in Sources */,
				CE3BC1F8298CC8510049ECD2 /* RMCharacter.swift in Sources */,
				CE876216298F8E0300228E60 /* RMCharacterCollectionViewCellViewModel.swift in Sources */,
				CEA65CEB298CDBD300719314 /* RMRequest.swift in Sources */,
				CE3BC1FD298CC9560049ECD2 /* RMCharacterViewController.swift in Sources */,
				CEAD25FD298EB2FA00B22D10 /* RMCharacterListViewModel.swift in Sources */,
			);
			runOnlyForDeploymentPostprocessing = 0;
		};
/* End PBXSourcesBuildPhase section */

/* Begin PBXVariantGroup section */
		CE3BC1E5298CC52D0049ECD2 /* LaunchScreen.storyboard */ = {
			isa = PBXVariantGroup;
			children = (
				CE3BC1E6298CC52D0049ECD2 /* Base */,
			);
			name = LaunchScreen.storyboard;
			sourceTree = "<group>";
		};
/* End PBXVariantGroup section */

/* Begin XCBuildConfiguration section */
		CE3BC1E9298CC52D0049ECD2 /* Debug */ = {
			isa = XCBuildConfiguration;
			buildSettings = {
				ALWAYS_SEARCH_USER_PATHS = NO;
				CLANG_ANALYZER_NONNULL = YES;
				CLANG_ANALYZER_NUMBER_OBJECT_CONVERSION = YES_AGGRESSIVE;
				CLANG_CXX_LANGUAGE_STANDARD = "gnu++20";
				CLANG_ENABLE_MODULES = YES;
				CLANG_ENABLE_OBJC_ARC = YES;
				CLANG_ENABLE_OBJC_WEAK = YES;
				CLANG_WARN_BLOCK_CAPTURE_AUTORELEASING = YES;
				CLANG_WARN_BOOL_CONVERSION = YES;
				CLANG_WARN_COMMA = YES;
				CLANG_WARN_CONSTANT_CONVERSION = YES;
				CLANG_WARN_DEPRECATED_OBJC_IMPLEMENTATIONS = YES;
				CLANG_WARN_DIRECT_OBJC_ISA_USAGE = YES_ERROR;
				CLANG_WARN_DOCUMENTATION_COMMENTS = YES;
				CLANG_WARN_EMPTY_BODY = YES;
				CLANG_WARN_ENUM_CONVERSION = YES;
				CLANG_WARN_INFINITE_RECURSION = YES;
				CLANG_WARN_INT_CONVERSION = YES;
				CLANG_WARN_NON_LITERAL_NULL_CONVERSION = YES;
				CLANG_WARN_OBJC_IMPLICIT_RETAIN_SELF = YES;
				CLANG_WARN_OBJC_LITERAL_CONVERSION = YES;
				CLANG_WARN_OBJC_ROOT_CLASS = YES_ERROR;
				CLANG_WARN_QUOTED_INCLUDE_IN_FRAMEWORK_HEADER = YES;
				CLANG_WARN_RANGE_LOOP_ANALYSIS = YES;
				CLANG_WARN_STRICT_PROTOTYPES = YES;
				CLANG_WARN_SUSPICIOUS_MOVE = YES;
				CLANG_WARN_UNGUARDED_AVAILABILITY = YES_AGGRESSIVE;
				CLANG_WARN_UNREACHABLE_CODE = YES;
				CLANG_WARN__DUPLICATE_METHOD_MATCH = YES;
				COPY_PHASE_STRIP = NO;
				DEBUG_INFORMATION_FORMAT = dwarf;
				ENABLE_STRICT_OBJC_MSGSEND = YES;
				ENABLE_TESTABILITY = YES;
				GCC_C_LANGUAGE_STANDARD = gnu11;
				GCC_DYNAMIC_NO_PIC = NO;
				GCC_NO_COMMON_BLOCKS = YES;
				GCC_OPTIMIZATION_LEVEL = 0;
				GCC_PREPROCESSOR_DEFINITIONS = (
					"DEBUG=1",
					"$(inherited)",
				);
				GCC_WARN_64_TO_32_BIT_CONVERSION = YES;
				GCC_WARN_ABOUT_RETURN_TYPE = YES_ERROR;
				GCC_WARN_UNDECLARED_SELECTOR = YES;
				GCC_WARN_UNINITIALIZED_AUTOS = YES_AGGRESSIVE;
				GCC_WARN_UNUSED_FUNCTION = YES;
				GCC_WARN_UNUSED_VARIABLE = YES;
				IPHONEOS_DEPLOYMENT_TARGET = 16.2;
				MTL_ENABLE_DEBUG_INFO = INCLUDE_SOURCE;
				MTL_FAST_MATH = YES;
				ONLY_ACTIVE_ARCH = YES;
				SDKROOT = iphoneos;
				SWIFT_ACTIVE_COMPILATION_CONDITIONS = DEBUG;
				SWIFT_OPTIMIZATION_LEVEL = "-Onone";
			};
			name = Debug;
		};
		CE3BC1EA298CC52D0049ECD2 /* Release */ = {
			isa = XCBuildConfiguration;
			buildSettings = {
				ALWAYS_SEARCH_USER_PATHS = NO;
				CLANG_ANALYZER_NONNULL = YES;
				CLANG_ANALYZER_NUMBER_OBJECT_CONVERSION = YES_AGGRESSIVE;
				CLANG_CXX_LANGUAGE_STANDARD = "gnu++20";
				CLANG_ENABLE_MODULES = YES;
				CLANG_ENABLE_OBJC_ARC = YES;
				CLANG_ENABLE_OBJC_WEAK = YES;
				CLANG_WARN_BLOCK_CAPTURE_AUTORELEASING = YES;
				CLANG_WARN_BOOL_CONVERSION = YES;
				CLANG_WARN_COMMA = YES;
				CLANG_WARN_CONSTANT_CONVERSION = YES;
				CLANG_WARN_DEPRECATED_OBJC_IMPLEMENTATIONS = YES;
				CLANG_WARN_DIRECT_OBJC_ISA_USAGE = YES_ERROR;
				CLANG_WARN_DOCUMENTATION_COMMENTS = YES;
				CLANG_WARN_EMPTY_BODY = YES;
				CLANG_WARN_ENUM_CONVERSION = YES;
				CLANG_WARN_INFINITE_RECURSION = YES;
				CLANG_WARN_INT_CONVERSION = YES;
				CLANG_WARN_NON_LITERAL_NULL_CONVERSION = YES;
				CLANG_WARN_OBJC_IMPLICIT_RETAIN_SELF = YES;
				CLANG_WARN_OBJC_LITERAL_CONVERSION = YES;
				CLANG_WARN_OBJC_ROOT_CLASS = YES_ERROR;
				CLANG_WARN_QUOTED_INCLUDE_IN_FRAMEWORK_HEADER = YES;
				CLANG_WARN_RANGE_LOOP_ANALYSIS = YES;
				CLANG_WARN_STRICT_PROTOTYPES = YES;
				CLANG_WARN_SUSPICIOUS_MOVE = YES;
				CLANG_WARN_UNGUARDED_AVAILABILITY = YES_AGGRESSIVE;
				CLANG_WARN_UNREACHABLE_CODE = YES;
				CLANG_WARN__DUPLICATE_METHOD_MATCH = YES;
				COPY_PHASE_STRIP = NO;
				DEBUG_INFORMATION_FORMAT = "dwarf-with-dsym";
				ENABLE_NS_ASSERTIONS = NO;
				ENABLE_STRICT_OBJC_MSGSEND = YES;
				GCC_C_LANGUAGE_STANDARD = gnu11;
				GCC_NO_COMMON_BLOCKS = YES;
				GCC_WARN_64_TO_32_BIT_CONVERSION = YES;
				GCC_WARN_ABOUT_RETURN_TYPE = YES_ERROR;
				GCC_WARN_UNDECLARED_SELECTOR = YES;
				GCC_WARN_UNINITIALIZED_AUTOS = YES_AGGRESSIVE;
				GCC_WARN_UNUSED_FUNCTION = YES;
				GCC_WARN_UNUSED_VARIABLE = YES;
				IPHONEOS_DEPLOYMENT_TARGET = 16.2;
				MTL_ENABLE_DEBUG_INFO = NO;
				MTL_FAST_MATH = YES;
				SDKROOT = iphoneos;
				SWIFT_COMPILATION_MODE = wholemodule;
				SWIFT_OPTIMIZATION_LEVEL = "-O";
				VALIDATE_PRODUCT = YES;
			};
			name = Release;
		};
		CE3BC1EC298CC52D0049ECD2 /* Debug */ = {
			isa = XCBuildConfiguration;
			buildSettings = {
				ASSETCATALOG_COMPILER_APPICON_NAME = AppIcon;
				ASSETCATALOG_COMPILER_GLOBAL_ACCENT_COLOR_NAME = AccentColor;
				CODE_SIGN_STYLE = Automatic;
				CURRENT_PROJECT_VERSION = 1;
				GENERATE_INFOPLIST_FILE = YES;
				INFOPLIST_FILE = RickAndMorty/Info.plist;
				INFOPLIST_KEY_UIApplicationSupportsIndirectInputEvents = YES;
				INFOPLIST_KEY_UILaunchStoryboardName = LaunchScreen;
				INFOPLIST_KEY_UISupportedInterfaceOrientations_iPad = "UIInterfaceOrientationPortrait UIInterfaceOrientationPortraitUpsideDown UIInterfaceOrientationLandscapeLeft UIInterfaceOrientationLandscapeRight";
				INFOPLIST_KEY_UISupportedInterfaceOrientations_iPhone = "UIInterfaceOrientationPortrait UIInterfaceOrientationLandscapeLeft UIInterfaceOrientationLandscapeRight";
				LD_RUNPATH_SEARCH_PATHS = (
					"$(inherited)",
					"@executable_path/Frameworks",
				);
				MARKETING_VERSION = 1.0;
				PRODUCT_BUNDLE_IDENTIFIER = gudzon818.RickAndMorty;
				PRODUCT_NAME = "$(TARGET_NAME)";
				SUPPORTED_PLATFORMS = "iphoneos iphonesimulator";
				SUPPORTS_MACCATALYST = NO;
				SUPPORTS_MAC_DESIGNED_FOR_IPHONE_IPAD = NO;
				SWIFT_EMIT_LOC_STRINGS = YES;
				SWIFT_VERSION = 5.0;
				TARGETED_DEVICE_FAMILY = 1;
			};
			name = Debug;
		};
		CE3BC1ED298CC52D0049ECD2 /* Release */ = {
			isa = XCBuildConfiguration;
			buildSettings = {
				ASSETCATALOG_COMPILER_APPICON_NAME = AppIcon;
				ASSETCATALOG_COMPILER_GLOBAL_ACCENT_COLOR_NAME = AccentColor;
				CODE_SIGN_STYLE = Automatic;
				CURRENT_PROJECT_VERSION = 1;
				GENERATE_INFOPLIST_FILE = YES;
				INFOPLIST_FILE = RickAndMorty/Info.plist;
				INFOPLIST_KEY_UIApplicationSupportsIndirectInputEvents = YES;
				INFOPLIST_KEY_UILaunchStoryboardName = LaunchScreen;
				INFOPLIST_KEY_UISupportedInterfaceOrientations_iPad = "UIInterfaceOrientationPortrait UIInterfaceOrientationPortraitUpsideDown UIInterfaceOrientationLandscapeLeft UIInterfaceOrientationLandscapeRight";
				INFOPLIST_KEY_UISupportedInterfaceOrientations_iPhone = "UIInterfaceOrientationPortrait UIInterfaceOrientationLandscapeLeft UIInterfaceOrientationLandscapeRight";
				LD_RUNPATH_SEARCH_PATHS = (
					"$(inherited)",
					"@executable_path/Frameworks",
				);
				MARKETING_VERSION = 1.0;
				PRODUCT_BUNDLE_IDENTIFIER = gudzon818.RickAndMorty;
				PRODUCT_NAME = "$(TARGET_NAME)";
				SUPPORTED_PLATFORMS = "iphoneos iphonesimulator";
				SUPPORTS_MACCATALYST = NO;
				SUPPORTS_MAC_DESIGNED_FOR_IPHONE_IPAD = NO;
				SWIFT_EMIT_LOC_STRINGS = YES;
				SWIFT_VERSION = 5.0;
				TARGETED_DEVICE_FAMILY = 1;
			};
			name = Release;
		};
/* End XCBuildConfiguration section */

/* Begin XCConfigurationList section */
		CE3BC1D2298CC52D0049ECD2 /* Build configuration list for PBXProject "RickAndMorty" */ = {
			isa = XCConfigurationList;
			buildConfigurations = (
				CE3BC1E9298CC52D0049ECD2 /* Debug */,
				CE3BC1EA298CC52D0049ECD2 /* Release */,
			);
			defaultConfigurationIsVisible = 0;
			defaultConfigurationName = Release;
		};
		CE3BC1EB298CC52D0049ECD2 /* Build configuration list for PBXNativeTarget "RickAndMorty" */ = {
			isa = XCConfigurationList;
			buildConfigurations = (
				CE3BC1EC298CC52D0049ECD2 /* Debug */,
				CE3BC1ED298CC52D0049ECD2 /* Release */,
			);
			defaultConfigurationIsVisible = 0;
			defaultConfigurationName = Release;
		};
/* End XCConfigurationList section */
	};
	rootObject = CE3BC1CF298CC52D0049ECD2 /* Project object */;
}
